
Microsoft Visual Studio Solution File, Format Version 12.00
# Visual Studio Version 17
VisualStudioVersion = 17.11.35327.3
MinimumVisualStudioVersion = 10.0.40219.1
Project("{FAE04EC0-301F-11D3-BF4B-00C04F79EFBC}") = "summative 1", "summative 1\summative 1.csproj", "{C52EFC1D-EC46-48DA-99EF-8521C6C09BF9}"
EndProject
Global
	GlobalSection(SolutionConfigurationPlatforms) = preSolution
		Debug|Any CPU = Debug|Any CPU
		Release|Any CPU = Release|Any CPU
	EndGlobalSection
	GlobalSection(ProjectConfigurationPlatforms) = postSolution
		{C52EFC1D-EC46-48DA-99EF-8521C6C09BF9}.Debug|Any CPU.ActiveCfg = Debug|Any CPU
		{C52EFC1D-EC46-48DA-99EF-8521C6C09BF9}.Debug|Any CPU.Build.0 = Debug|Any CPU
		{C52EFC1D-EC46-48DA-99EF-8521C6C09BF9}.Release|Any CPU.ActiveCfg = Release|Any CPU
		{C52EFC1D-EC46-48DA-99EF-8521C6C09BF9}.Release|Any CPU.Build.0 = Release|Any CPU
	EndGlobalSection
	GlobalSection(SolutionProperties) = preSolution
		HideSolutionNode = FALSE
	EndGlobalSection
	GlobalSection(ExtensibilityGlobals) = postSolution
		SolutionGuid = {E3385CFC-4D8B-4AD0-85E3-CCFAD4E606B7}
	EndGlobalSection
EndGlobal
